
Microsoft Visual Studio Solution File, Format Version 12.00
# Visual Studio Version 16
VisualStudioVersion = 16.0.36324.18
MinimumVisualStudioVersion = 10.0.40219.1
Project("{FAE04EC0-301F-11D3-BF4B-00C04F79EFBC}") = "MonitAndRestart", "MonitAndRestart.csproj", "{12CCAE13-8E2B-4D19-B237-26A91964F32F}"
EndProject
Global
	GlobalSection(SolutionConfigurationPlatforms) = preSolution
		Debug|Any CPU = Debug|Any CPU
		Release|Any CPU = Release|Any CPU
	EndGlobalSection
	GlobalSection(ProjectConfigurationPlatforms) = postSolution
		{12CCAE13-8E2B-4D19-B237-26A91964F32F}.Debug|Any CPU.ActiveCfg = Debug|Any CPU
		{12CCAE13-8E2B-4D19-B237-26A91964F32F}.Debug|Any CPU.Build.0 = Debug|Any CPU
		{12CCAE13-8E2B-4D19-B237-26A91964F32F}.Release|Any CPU.ActiveCfg = Release|Any CPU
		{12CCAE13-8E2B-4D19-B237-26A91964F32F}.Release|Any CPU.Build.0 = Release|Any CPU
	EndGlobalSection
	GlobalSection(SolutionProperties) = preSolution
		HideSolutionNode = FALSE
	EndGlobalSection
	GlobalSection(ExtensibilityGlobals) = postSolution
		SolutionGuid = {4419EA5A-29E7-4316-BECD-BD1CE76FEB75}
	EndGlobalSection
EndGlobal
